
Microsoft Visual Studio Solution File, Format Version 12.00
# Visual Studio Version 16
VisualStudioVersion = 16.0.30717.126
MinimumVisualStudioVersion = 10.0.40219.1
Project("{FAE04EC0-301F-11D3-BF4B-00C04F79EFBC}") = "51_PersonClass", "51_PersonClass.csproj", "{FC976EDE-02A6-4CEC-8EF2-5D1BB459AF8B}"
EndProject
Global
	GlobalSection(SolutionConfigurationPlatforms) = preSolution
		Debug|Any CPU = Debug|Any CPU
		Release|Any CPU = Release|Any CPU
	EndGlobalSection
	GlobalSection(ProjectConfigurationPlatforms) = postSolution
		{FC976EDE-02A6-4CEC-8EF2-5D1BB459AF8B}.Debug|Any CPU.ActiveCfg = Debug|Any CPU
		{FC976EDE-02A6-4CEC-8EF2-5D1BB459AF8B}.Debug|Any CPU.Build.0 = Debug|Any CPU
		{FC976EDE-02A6-4CEC-8EF2-5D1BB459AF8B}.Release|Any CPU.ActiveCfg = Release|Any CPU
		{FC976EDE-02A6-4CEC-8EF2-5D1BB459AF8B}.Release|Any CPU.Build.0 = Release|Any CPU
	EndGlobalSection
	GlobalSection(SolutionProperties) = preSolution
		HideSolutionNode = FALSE
	EndGlobalSection
	GlobalSection(ExtensibilityGlobals) = postSolution
		SolutionGuid = {4EC470D5-840E-4B9A-871A-54E056D898C4}
	EndGlobalSection
EndGlobal
