
Microsoft Visual Studio Solution File, Format Version 12.00
# Visual Studio Version 16
VisualStudioVersion = 16.0.30717.126
MinimumVisualStudioVersion = 10.0.40219.1
Project("{FAE04EC0-301F-11D3-BF4B-00C04F79EFBC}") = "Add", "Add.csproj", "{B384D009-8B2A-45DA-BA38-A1F956C5C88A}"
EndProject
Global
	GlobalSection(SolutionConfigurationPlatforms) = preSolution
		Debug|Any CPU = Debug|Any CPU
		Release|Any CPU = Release|Any CPU
	EndGlobalSection
	GlobalSection(ProjectConfigurationPlatforms) = postSolution
		{B384D009-8B2A-45DA-BA38-A1F956C5C88A}.Debug|Any CPU.ActiveCfg = Debug|Any CPU
		{B384D009-8B2A-45DA-BA38-A1F956C5C88A}.Debug|Any CPU.Build.0 = Debug|Any CPU
		{B384D009-8B2A-45DA-BA38-A1F956C5C88A}.Release|Any CPU.ActiveCfg = Release|Any CPU
		{B384D009-8B2A-45DA-BA38-A1F956C5C88A}.Release|Any CPU.Build.0 = Release|Any CPU
	EndGlobalSection
	GlobalSection(SolutionProperties) = preSolution
		HideSolutionNode = FALSE
	EndGlobalSection
	GlobalSection(ExtensibilityGlobals) = postSolution
		SolutionGuid = {80BC140B-45BE-47D4-A8C7-73203E6AB211}
	EndGlobalSection
EndGlobal
