
Microsoft Visual Studio Solution File, Format Version 12.00
# Visual Studio Version 16
VisualStudioVersion = 16.0.30717.126
MinimumVisualStudioVersion = 10.0.40219.1
Project("{FAE04EC0-301F-11D3-BF4B-00C04F79EFBC}") = "E06_VectorClass", "E06_VectorClass.csproj", "{A8EAB59C-C1C1-4152-949F-31055F17978C}"
EndProject
Global
	GlobalSection(SolutionConfigurationPlatforms) = preSolution
		Debug|Any CPU = Debug|Any CPU
		Release|Any CPU = Release|Any CPU
	EndGlobalSection
	GlobalSection(ProjectConfigurationPlatforms) = postSolution
		{A8EAB59C-C1C1-4152-949F-31055F17978C}.Debug|Any CPU.ActiveCfg = Debug|Any CPU
		{A8EAB59C-C1C1-4152-949F-31055F17978C}.Debug|Any CPU.Build.0 = Debug|Any CPU
		{A8EAB59C-C1C1-4152-949F-31055F17978C}.Release|Any CPU.ActiveCfg = Release|Any CPU
		{A8EAB59C-C1C1-4152-949F-31055F17978C}.Release|Any CPU.Build.0 = Release|Any CPU
	EndGlobalSection
	GlobalSection(SolutionProperties) = preSolution
		HideSolutionNode = FALSE
	EndGlobalSection
	GlobalSection(ExtensibilityGlobals) = postSolution
		SolutionGuid = {2AF1BB1A-8172-4226-85A9-C38E73AC9B66}
	EndGlobalSection
EndGlobal
