
Microsoft Visual Studio Solution File, Format Version 12.00
# Visual Studio Version 16
VisualStudioVersion = 16.0.30717.126
MinimumVisualStudioVersion = 10.0.40219.1
Project("{FAE04EC0-301F-11D3-BF4B-00C04F79EFBC}") = "20_Expressions", "20_Expressions.csproj", "{B4731CDD-33BB-4D3D-AAF6-8BCDFEA4F6F6}"
EndProject
Global
	GlobalSection(SolutionConfigurationPlatforms) = preSolution
		Debug|Any CPU = Debug|Any CPU
		Release|Any CPU = Release|Any CPU
	EndGlobalSection
	GlobalSection(ProjectConfigurationPlatforms) = postSolution
		{B4731CDD-33BB-4D3D-AAF6-8BCDFEA4F6F6}.Debug|Any CPU.ActiveCfg = Debug|Any CPU
		{B4731CDD-33BB-4D3D-AAF6-8BCDFEA4F6F6}.Debug|Any CPU.Build.0 = Debug|Any CPU
		{B4731CDD-33BB-4D3D-AAF6-8BCDFEA4F6F6}.Release|Any CPU.ActiveCfg = Release|Any CPU
		{B4731CDD-33BB-4D3D-AAF6-8BCDFEA4F6F6}.Release|Any CPU.Build.0 = Release|Any CPU
	EndGlobalSection
	GlobalSection(SolutionProperties) = preSolution
		HideSolutionNode = FALSE
	EndGlobalSection
	GlobalSection(ExtensibilityGlobals) = postSolution
		SolutionGuid = {99AF7000-016A-4169-80FE-8E2834F164C7}
	EndGlobalSection
EndGlobal
