
Microsoft Visual Studio Solution File, Format Version 12.00
# Visual Studio Version 16
VisualStudioVersion = 16.0.30717.126
MinimumVisualStudioVersion = 10.0.40219.1
Project("{FAE04EC0-301F-11D3-BF4B-00C04F79EFBC}") = "11_ModuloOperator", "11_ModuloOperator.csproj", "{BEF75E00-5C61-4DAE-8914-E49278C8AF83}"
EndProject
Global
	GlobalSection(SolutionConfigurationPlatforms) = preSolution
		Debug|Any CPU = Debug|Any CPU
		Release|Any CPU = Release|Any CPU
	EndGlobalSection
	GlobalSection(ProjectConfigurationPlatforms) = postSolution
		{BEF75E00-5C61-4DAE-8914-E49278C8AF83}.Debug|Any CPU.ActiveCfg = Debug|Any CPU
		{BEF75E00-5C61-4DAE-8914-E49278C8AF83}.Debug|Any CPU.Build.0 = Debug|Any CPU
		{BEF75E00-5C61-4DAE-8914-E49278C8AF83}.Release|Any CPU.ActiveCfg = Release|Any CPU
		{BEF75E00-5C61-4DAE-8914-E49278C8AF83}.Release|Any CPU.Build.0 = Release|Any CPU
	EndGlobalSection
	GlobalSection(SolutionProperties) = preSolution
		HideSolutionNode = FALSE
	EndGlobalSection
	GlobalSection(ExtensibilityGlobals) = postSolution
		SolutionGuid = {E48F030F-DA28-4928-9E35-96631EAA0EB9}
	EndGlobalSection
EndGlobal
